
Microsoft Visual Studio Solution File, Format Version 12.00
# Visual Studio Version 17
VisualStudioVersion = 17.1.32421.90
MinimumVisualStudioVersion = 10.0.40219.1
Project("{9A19103F-16F7-4668-BE54-9A1E7A4F7556}") = "RzeczyDoOddaniaV2", "RzeczyDoOddaniaV2\RzeczyDoOddaniaV2.csproj", "{6C533D54-8D67-4CE9-8834-552335CA5656}"
EndProject
Global
	GlobalSection(SolutionConfigurationPlatforms) = preSolution
		Debug|Any CPU = Debug|Any CPU
		Release|Any CPU = Release|Any CPU
	EndGlobalSection
	GlobalSection(ProjectConfigurationPlatforms) = postSolution
		{6C533D54-8D67-4CE9-8834-552335CA5656}.Debug|Any CPU.ActiveCfg = Debug|Any CPU
		{6C533D54-8D67-4CE9-8834-552335CA5656}.Debug|Any CPU.Build.0 = Debug|Any CPU
		{6C533D54-8D67-4CE9-8834-552335CA5656}.Release|Any CPU.ActiveCfg = Release|Any CPU
		{6C533D54-8D67-4CE9-8834-552335CA5656}.Release|Any CPU.Build.0 = Release|Any CPU
	EndGlobalSection
	GlobalSection(SolutionProperties) = preSolution
		HideSolutionNode = FALSE
	EndGlobalSection
	GlobalSection(ExtensibilityGlobals) = postSolution
		SolutionGuid = {34A49996-E473-468A-B063-04168401C40E}
	EndGlobalSection
EndGlobal
